
Microsoft Visual Studio Solution File, Format Version 12.00
# Visual Studio Version 16
VisualStudioVersion = 16.0.31605.320
MinimumVisualStudioVersion = 10.0.40219.1
Project("{FAE04EC0-301F-11D3-BF4B-00C04F79EFBC}") = "ConsoleApp4", "ConsoleApp4.csproj", "{6939577F-744D-4B7A-BB94-F502E1782AFA}"
EndProject
Global
	GlobalSection(SolutionConfigurationPlatforms) = preSolution
		Debug|Any CPU = Debug|Any CPU
		Release|Any CPU = Release|Any CPU
	EndGlobalSection
	GlobalSection(ProjectConfigurationPlatforms) = postSolution
		{6939577F-744D-4B7A-BB94-F502E1782AFA}.Debug|Any CPU.ActiveCfg = Debug|Any CPU
		{6939577F-744D-4B7A-BB94-F502E1782AFA}.Debug|Any CPU.Build.0 = Debug|Any CPU
		{6939577F-744D-4B7A-BB94-F502E1782AFA}.Release|Any CPU.ActiveCfg = Release|Any CPU
		{6939577F-744D-4B7A-BB94-F502E1782AFA}.Release|Any CPU.Build.0 = Release|Any CPU
	EndGlobalSection
	GlobalSection(SolutionProperties) = preSolution
		HideSolutionNode = FALSE
	EndGlobalSection
	GlobalSection(ExtensibilityGlobals) = postSolution
		SolutionGuid = {B00995AD-11ED-4CD0-9E1F-0521CB2E97FA}
	EndGlobalSection
EndGlobal
